
Microsoft Visual Studio Solution File, Format Version 12.00
# Visual Studio Version 16
VisualStudioVersion = 16.0.30611.23
MinimumVisualStudioVersion = 10.0.40219.1
Project("{FAE04EC0-301F-11D3-BF4B-00C04F79EFBC}") = "CerberClient", "CerberClient\CerberClient.csproj", "{6DCEC5DB-6B63-499A-B6C8-E4FE61450146}"
EndProject
Global
	GlobalSection(SolutionConfigurationPlatforms) = preSolution
		Debug|Any CPU = Debug|Any CPU
		Release|Any CPU = Release|Any CPU
	EndGlobalSection
	GlobalSection(ProjectConfigurationPlatforms) = postSolution
		{6DCEC5DB-6B63-499A-B6C8-E4FE61450146}.Debug|Any CPU.ActiveCfg = Debug|Any CPU
		{6DCEC5DB-6B63-499A-B6C8-E4FE61450146}.Debug|Any CPU.Build.0 = Debug|Any CPU
		{6DCEC5DB-6B63-499A-B6C8-E4FE61450146}.Release|Any CPU.ActiveCfg = Release|Any CPU
		{6DCEC5DB-6B63-499A-B6C8-E4FE61450146}.Release|Any CPU.Build.0 = Release|Any CPU
	EndGlobalSection
	GlobalSection(SolutionProperties) = preSolution
		HideSolutionNode = FALSE
	EndGlobalSection
	GlobalSection(ExtensibilityGlobals) = postSolution
		SolutionGuid = {785DECB1-D170-40E6-B1BA-409AE596F9E7}
	EndGlobalSection
EndGlobal
